
Microsoft Visual Studio Solution File, Format Version 12.00
# Visual Studio Version 16
VisualStudioVersion = 16.0.32602.291
MinimumVisualStudioVersion = 10.0.40219.1
Project("{9A19103F-16F7-4668-BE54-9A1E7A4F7556}") = "UsuariosService", "Usuarios\UsuariosService.csproj", "{5A5D9A33-FA22-4944-8175-E0C5AF09884F}"
EndProject
Project("{E53339B2-1760-4266-BCC7-CA923CBCF16C}") = "docker-compose", "docker-compose.dcproj", "{51F2A3BA-7360-45B6-AA73-ADB01954DCAB}"
EndProject
Global
	GlobalSection(SolutionConfigurationPlatforms) = preSolution
		Debug|Any CPU = Debug|Any CPU
		Release|Any CPU = Release|Any CPU
	EndGlobalSection
	GlobalSection(ProjectConfigurationPlatforms) = postSolution
		{5A5D9A33-FA22-4944-8175-E0C5AF09884F}.Debug|Any CPU.ActiveCfg = Debug|Any CPU
		{5A5D9A33-FA22-4944-8175-E0C5AF09884F}.Debug|Any CPU.Build.0 = Debug|Any CPU
		{5A5D9A33-FA22-4944-8175-E0C5AF09884F}.Release|Any CPU.ActiveCfg = Release|Any CPU
		{5A5D9A33-FA22-4944-8175-E0C5AF09884F}.Release|Any CPU.Build.0 = Release|Any CPU
		{51F2A3BA-7360-45B6-AA73-ADB01954DCAB}.Debug|Any CPU.ActiveCfg = Debug|Any CPU
		{51F2A3BA-7360-45B6-AA73-ADB01954DCAB}.Debug|Any CPU.Build.0 = Debug|Any CPU
		{51F2A3BA-7360-45B6-AA73-ADB01954DCAB}.Release|Any CPU.ActiveCfg = Release|Any CPU
		{51F2A3BA-7360-45B6-AA73-ADB01954DCAB}.Release|Any CPU.Build.0 = Release|Any CPU
	EndGlobalSection
	GlobalSection(SolutionProperties) = preSolution
		HideSolutionNode = FALSE
	EndGlobalSection
	GlobalSection(ExtensibilityGlobals) = postSolution
		SolutionGuid = {BD98A29D-66FE-4991-BC6A-1EFC55AAC054}
	EndGlobalSection
EndGlobal
